{
  "name": "desktop-rug",
  "version": "1.0.0",
  "lockfileVersion": 3,
  "requires": true,
  "packages": {
    "": {
      "name": "desktop-rug",
      "version": "1.0.0",
      "license": "ISC",
      "dependencies": {
        "@paper-design/shaders": "^0.0.81",
        "three": "^0.186.1"
      },
      "devDependencies": {
        "@paper-design/shaders-react": "^0.0.81"
      }
    },
    "node_modules/@paper-design/shaders": {
      "version": "0.0.81",
      "resolved": "https://registry.npmjs.org/@paper-design/shaders/-/shaders-0.0.81.tgz",
      "integrity": "sha512-jeGdyjMscZ2bxmQdo8lhwUufHUf4iq3s1ayjh8PXU7Go42Rw8E3I0It1FZdc3HuWt5J82m//DRWaxsRqRfA4Gg==",
      "license": "Apache-2.0"
    },
    "node_modules/@paper-design/shaders-react": {
      "version": "0.0.81",
      "resolved": "https://registry.npmjs.org/@paper-design/shaders-react/-/shaders-react-0.0.81.tgz",
      "integrity": "sha512-3FMkeZqj9sSvK/WkgekGu3crnOQd4R2iH8IT+jVBuQmq1m8p88VFvxh63s9bSt2exBwjBNaRfSo0FSCeNxqh3w==",
      "dev": true,
      "license": "Apache-2.0",
      "dependencies": {
        "@paper-design/shaders": "0.0.81"
      },
      "peerDependencies": {
        "@types/react": "^18 || ^19",
        "react": "^18 || ^19"
      },
      "peerDependenciesMeta": {
        "@types/react": {
          "optional": true
        }
      }
    },
    "node_modules/react": {
      "version": "19.3.0",
      "resolved": "https://registry.npmjs.org/react/-/react-19.3.0.tgz",
      "integrity": "sha512-E8LUcbtBWt20bbl2YoHfx4ZDBdxVTfOKtCZn9cDSJ4l6/nuoApcpIBcj47t2wZoVX8g2ZHuMHbiShgCR1T5Sog==",
      "dev": true,
      "license": "MIT",
      "peer": true,
      "engines": {
        "node": ">=0.10.0"
      }
    },
    "node_modules/three": {
      "version": "0.186.1",
      "resolved": "https://registry.npmjs.org/three/-/three-0.186.1.tgz",
      "integrity": "sha512-blFeqb49wRCSGUGj7gtpfnSGHy2lwDk94RhUmS1c/hTby70kvChbWpkJ4Pm1390LqzzvTmzgXKHPEafJwCb8jA==",
      "license": "MIT"
    }
  }
}
